
Microsoft Visual Studio Solution File, Format Version 12.00
# Visual Studio Version 16
VisualStudioVersion = 16.6.30114.105
MinimumVisualStudioVersion = 10.0.40219.1
Project("{FAE04EC0-301F-11D3-BF4B-00C04F79EFBC}") = "Provider", "Provider\Provider.csproj", "{02CD5EDA-F01A-4060-97FE-FFE40C5A389B}"
EndProject
Project("{FAE04EC0-301F-11D3-BF4B-00C04F79EFBC}") = "Consumer.PactTests", "Consumer.PactTests\Consumer.PactTests.csproj", "{8DD32DF4-1D3E-4774-8FF9-C342FF289CA1}"
EndProject
Project("{FAE04EC0-301F-11D3-BF4B-00C04F79EFBC}") = "Provider.PactTests", "Provider.PactTests\Provider.PactTests.csproj", "{114ED664-BA92-4BDE-BE54-803830786B43}"
EndProject
Project("{FAE04EC0-301F-11D3-BF4B-00C04F79EFBC}") = "Provider.UnitTests", "Provider.UnitTests\Provider.UnitTests.csproj", "{0027D044-EDFC-43D9-9218-204319B9B731}"
EndProject
Project("{2150E333-8FDC-42A3-9474-1A3956D46DE8}") = "Consumer", "Consumer", "{FA0105A6-E3FA-419B-82F6-59B69212E385}"
EndProject
Project("{2150E333-8FDC-42A3-9474-1A3956D46DE8}") = "Provider", "Provider", "{794CECB5-6CF0-40D8-B45F-9E9F0DC57FEB}"
EndProject
Project("{FAE04EC0-301F-11D3-BF4B-00C04F79EFBC}") = "Consumer", "Consumer\Consumer\Consumer.csproj", "{F6EBA672-3873-4082-9E96-9BCFCC411E7C}"
EndProject
Project("{FAE04EC0-301F-11D3-BF4B-00C04F79EFBC}") = "Provider.Tests.Shared", "Provider.Tests.Shared\Provider.Tests.Shared.csproj", "{0D18338E-5BEC-4B95-8886-EA2EC048E5C6}"
EndProject
Global
	GlobalSection(SolutionConfigurationPlatforms) = preSolution
		Debug|Any CPU = Debug|Any CPU
		Debug|x64 = Debug|x64
		Debug|x86 = Debug|x86
		Release|Any CPU = Release|Any CPU
		Release|x64 = Release|x64
		Release|x86 = Release|x86
	EndGlobalSection
	GlobalSection(SolutionProperties) = preSolution
		HideSolutionNode = FALSE
	EndGlobalSection
	GlobalSection(ProjectConfigurationPlatforms) = postSolution
		{02CD5EDA-F01A-4060-97FE-FFE40C5A389B}.Debug|Any CPU.ActiveCfg = Debug|Any CPU
		{02CD5EDA-F01A-4060-97FE-FFE40C5A389B}.Debug|Any CPU.Build.0 = Debug|Any CPU
		{02CD5EDA-F01A-4060-97FE-FFE40C5A389B}.Debug|x64.ActiveCfg = Debug|Any CPU
		{02CD5EDA-F01A-4060-97FE-FFE40C5A389B}.Debug|x64.Build.0 = Debug|Any CPU
		{02CD5EDA-F01A-4060-97FE-FFE40C5A389B}.Debug|x86.ActiveCfg = Debug|Any CPU
		{02CD5EDA-F01A-4060-97FE-FFE40C5A389B}.Debug|x86.Build.0 = Debug|Any CPU
		{02CD5EDA-F01A-4060-97FE-FFE40C5A389B}.Release|Any CPU.ActiveCfg = Release|Any CPU
		{02CD5EDA-F01A-4060-97FE-FFE40C5A389B}.Release|Any CPU.Build.0 = Release|Any CPU
		{02CD5EDA-F01A-4060-97FE-FFE40C5A389B}.Release|x64.ActiveCfg = Release|Any CPU
		{02CD5EDA-F01A-4060-97FE-FFE40C5A389B}.Release|x64.Build.0 = Release|Any CPU
		{02CD5EDA-F01A-4060-97FE-FFE40C5A389B}.Release|x86.ActiveCfg = Release|Any CPU
		{02CD5EDA-F01A-4060-97FE-FFE40C5A389B}.Release|x86.Build.0 = Release|Any CPU
		{8DD32DF4-1D3E-4774-8FF9-C342FF289CA1}.Debug|Any CPU.ActiveCfg = Debug|Any CPU
		{8DD32DF4-1D3E-4774-8FF9-C342FF289CA1}.Debug|Any CPU.Build.0 = Debug|Any CPU
		{8DD32DF4-1D3E-4774-8FF9-C342FF289CA1}.Debug|x64.ActiveCfg = Debug|Any CPU
		{8DD32DF4-1D3E-4774-8FF9-C342FF289CA1}.Debug|x64.Build.0 = Debug|Any CPU
		{8DD32DF4-1D3E-4774-8FF9-C342FF289CA1}.Debug|x86.ActiveCfg = Debug|Any CPU
		{8DD32DF4-1D3E-4774-8FF9-C342FF289CA1}.Debug|x86.Build.0 = Debug|Any CPU
		{8DD32DF4-1D3E-4774-8FF9-C342FF289CA1}.Release|Any CPU.ActiveCfg = Release|Any CPU
		{8DD32DF4-1D3E-4774-8FF9-C342FF289CA1}.Release|Any CPU.Build.0 = Release|Any CPU
		{8DD32DF4-1D3E-4774-8FF9-C342FF289CA1}.Release|x64.ActiveCfg = Release|Any CPU
		{8DD32DF4-1D3E-4774-8FF9-C342FF289CA1}.Release|x64.Build.0 = Release|Any CPU
		{8DD32DF4-1D3E-4774-8FF9-C342FF289CA1}.Release|x86.ActiveCfg = Release|Any CPU
		{8DD32DF4-1D3E-4774-8FF9-C342FF289CA1}.Release|x86.Build.0 = Release|Any CPU
		{114ED664-BA92-4BDE-BE54-803830786B43}.Debug|Any CPU.ActiveCfg = Debug|Any CPU
		{114ED664-BA92-4BDE-BE54-803830786B43}.Debug|Any CPU.Build.0 = Debug|Any CPU
		{114ED664-BA92-4BDE-BE54-803830786B43}.Debug|x64.ActiveCfg = Debug|Any CPU
		{114ED664-BA92-4BDE-BE54-803830786B43}.Debug|x64.Build.0 = Debug|Any CPU
		{114ED664-BA92-4BDE-BE54-803830786B43}.Debug|x86.ActiveCfg = Debug|Any CPU
		{114ED664-BA92-4BDE-BE54-803830786B43}.Debug|x86.Build.0 = Debug|Any CPU
		{114ED664-BA92-4BDE-BE54-803830786B43}.Release|Any CPU.ActiveCfg = Release|Any CPU
		{114ED664-BA92-4BDE-BE54-803830786B43}.Release|Any CPU.Build.0 = Release|Any CPU
		{114ED664-BA92-4BDE-BE54-803830786B43}.Release|x64.ActiveCfg = Release|Any CPU
		{114ED664-BA92-4BDE-BE54-803830786B43}.Release|x64.Build.0 = Release|Any CPU
		{114ED664-BA92-4BDE-BE54-803830786B43}.Release|x86.ActiveCfg = Release|Any CPU
		{114ED664-BA92-4BDE-BE54-803830786B43}.Release|x86.Build.0 = Release|Any CPU
		{0027D044-EDFC-43D9-9218-204319B9B731}.Debug|Any CPU.ActiveCfg = Debug|Any CPU
		{0027D044-EDFC-43D9-9218-204319B9B731}.Debug|Any CPU.Build.0 = Debug|Any CPU
		{0027D044-EDFC-43D9-9218-204319B9B731}.Debug|x64.ActiveCfg = Debug|Any CPU
		{0027D044-EDFC-43D9-9218-204319B9B731}.Debug|x64.Build.0 = Debug|Any CPU
		{0027D044-EDFC-43D9-9218-204319B9B731}.Debug|x86.ActiveCfg = Debug|Any CPU
		{0027D044-EDFC-43D9-9218-204319B9B731}.Debug|x86.Build.0 = Debug|Any CPU
		{0027D044-EDFC-43D9-9218-204319B9B731}.Release|Any CPU.ActiveCfg = Release|Any CPU
		{0027D044-EDFC-43D9-9218-204319B9B731}.Release|Any CPU.Build.0 = Release|Any CPU
		{0027D044-EDFC-43D9-9218-204319B9B731}.Release|x64.ActiveCfg = Release|Any CPU
		{0027D044-EDFC-43D9-9218-204319B9B731}.Release|x64.Build.0 = Release|Any CPU
		{0027D044-EDFC-43D9-9218-204319B9B731}.Release|x86.ActiveCfg = Release|Any CPU
		{0027D044-EDFC-43D9-9218-204319B9B731}.Release|x86.Build.0 = Release|Any CPU
		{F6EBA672-3873-4082-9E96-9BCFCC411E7C}.Debug|Any CPU.ActiveCfg = Debug|Any CPU
		{F6EBA672-3873-4082-9E96-9BCFCC411E7C}.Debug|Any CPU.Build.0 = Debug|Any CPU
		{F6EBA672-3873-4082-9E96-9BCFCC411E7C}.Debug|x64.ActiveCfg = Debug|Any CPU
		{F6EBA672-3873-4082-9E96-9BCFCC411E7C}.Debug|x64.Build.0 = Debug|Any CPU
		{F6EBA672-3873-4082-9E96-9BCFCC411E7C}.Debug|x86.ActiveCfg = Debug|Any CPU
		{F6EBA672-3873-4082-9E96-9BCFCC411E7C}.Debug|x86.Build.0 = Debug|Any CPU
		{F6EBA672-3873-4082-9E96-9BCFCC411E7C}.Release|Any CPU.ActiveCfg = Release|Any CPU
		{F6EBA672-3873-4082-9E96-9BCFCC411E7C}.Release|Any CPU.Build.0 = Release|Any CPU
		{F6EBA672-3873-4082-9E96-9BCFCC411E7C}.Release|x64.ActiveCfg = Release|Any CPU
		{F6EBA672-3873-4082-9E96-9BCFCC411E7C}.Release|x64.Build.0 = Release|Any CPU
		{F6EBA672-3873-4082-9E96-9BCFCC411E7C}.Release|x86.ActiveCfg = Release|Any CPU
		{F6EBA672-3873-4082-9E96-9BCFCC411E7C}.Release|x86.Build.0 = Release|Any CPU
		{0D18338E-5BEC-4B95-8886-EA2EC048E5C6}.Debug|Any CPU.ActiveCfg = Debug|Any CPU
		{0D18338E-5BEC-4B95-8886-EA2EC048E5C6}.Debug|Any CPU.Build.0 = Debug|Any CPU
		{0D18338E-5BEC-4B95-8886-EA2EC048E5C6}.Debug|x64.ActiveCfg = Debug|Any CPU
		{0D18338E-5BEC-4B95-8886-EA2EC048E5C6}.Debug|x64.Build.0 = Debug|Any CPU
		{0D18338E-5BEC-4B95-8886-EA2EC048E5C6}.Debug|x86.ActiveCfg = Debug|Any CPU
		{0D18338E-5BEC-4B95-8886-EA2EC048E5C6}.Debug|x86.Build.0 = Debug|Any CPU
		{0D18338E-5BEC-4B95-8886-EA2EC048E5C6}.Release|Any CPU.ActiveCfg = Release|Any CPU
		{0D18338E-5BEC-4B95-8886-EA2EC048E5C6}.Release|Any CPU.Build.0 = Release|Any CPU
		{0D18338E-5BEC-4B95-8886-EA2EC048E5C6}.Release|x64.ActiveCfg = Release|Any CPU
		{0D18338E-5BEC-4B95-8886-EA2EC048E5C6}.Release|x64.Build.0 = Release|Any CPU
		{0D18338E-5BEC-4B95-8886-EA2EC048E5C6}.Release|x86.ActiveCfg = Release|Any CPU
		{0D18338E-5BEC-4B95-8886-EA2EC048E5C6}.Release|x86.Build.0 = Release|Any CPU
	EndGlobalSection
	GlobalSection(NestedProjects) = preSolution
		{8DD32DF4-1D3E-4774-8FF9-C342FF289CA1} = {FA0105A6-E3FA-419B-82F6-59B69212E385}
		{02CD5EDA-F01A-4060-97FE-FFE40C5A389B} = {794CECB5-6CF0-40D8-B45F-9E9F0DC57FEB}
		{114ED664-BA92-4BDE-BE54-803830786B43} = {794CECB5-6CF0-40D8-B45F-9E9F0DC57FEB}
		{0027D044-EDFC-43D9-9218-204319B9B731} = {794CECB5-6CF0-40D8-B45F-9E9F0DC57FEB}
		{F6EBA672-3873-4082-9E96-9BCFCC411E7C} = {FA0105A6-E3FA-419B-82F6-59B69212E385}
		{0D18338E-5BEC-4B95-8886-EA2EC048E5C6} = {794CECB5-6CF0-40D8-B45F-9E9F0DC57FEB}
	EndGlobalSection
EndGlobal
